
Microsoft Visual Studio Solution File, Format Version 12.00
# Visual Studio Version 17
VisualStudioVersion = 17.0.31903.59
MinimumVisualStudioVersion = 10.0.40219.1
Project("{FAE04EC0-301F-11D3-BF4B-00C04F79EFBC}") = "ExcelToolsApi.Infraestructure", "Services\ExcelToolsApi.Infraestructure\ExcelToolsApi.Infraestructure.csproj", "{FBC296B3-E592-4738-B27B-EDA1C69BC356}"
EndProject
Project("{FAE04EC0-301F-11D3-BF4B-00C04F79EFBC}") = "ExcelToolsApi.Persistence", "Services\ExcelToolsApi.Persistence\ExcelToolsApi.Persistence.csproj", "{C16983A0-D312-474A-8608-4CA50C65206B}"
EndProject
Project("{FAE04EC0-301F-11D3-BF4B-00C04F79EFBC}") = "ExcelToolsApi.Domain", "Services\ExcelToolsApi.Domain\ExcelToolsApi.Domain.csproj", "{12230BB8-CADC-4A09-A39C-974243490523}"
EndProject
Project("{FAE04EC0-301F-11D3-BF4B-00C04F79EFBC}") = "ExcelToolsApi.JWT.Service", "Services\ExcelToolsApi.JWT.Service\ExcelToolsApi.JWT.Service.csproj", "{7759EE97-D24B-4019-8B34-A3B29B93E300}"
EndProject
Project("{FAE04EC0-301F-11D3-BF4B-00C04F79EFBC}") = "ExcelToolsApi.Excel.Service", "Services\ExcelToolsApi.Excel.Service\ExcelToolsApi.Excel.Service.csproj", "{1A3B3340-BA70-4EDF-BC07-9056843F472A}"
EndProject
Project("{FAE04EC0-301F-11D3-BF4B-00C04F79EFBC}") = "ExcelTools.API", "Services\ExcelTools.API\ExcelTools.API.csproj", "{D42BA2A6-9BF6-467E-AA8A-4F134098A716}"
EndProject
Project("{FAE04EC0-301F-11D3-BF4B-00C04F79EFBC}") = "ExcelToolsApi.PersistenceExcel", "Services\ExcelToolsApi.PersistenceExcel\ExcelToolsApi.PersistenceExcel.csproj", "{D16524E3-C8DB-4B01-9623-327864C5EE0D}"
EndProject
Global
	GlobalSection(SolutionConfigurationPlatforms) = preSolution
		Debug|Any CPU = Debug|Any CPU
		Release|Any CPU = Release|Any CPU
	EndGlobalSection
	GlobalSection(ProjectConfigurationPlatforms) = postSolution
		{FBC296B3-E592-4738-B27B-EDA1C69BC356}.Debug|Any CPU.ActiveCfg = Debug|Any CPU
		{FBC296B3-E592-4738-B27B-EDA1C69BC356}.Debug|Any CPU.Build.0 = Debug|Any CPU
		{FBC296B3-E592-4738-B27B-EDA1C69BC356}.Release|Any CPU.ActiveCfg = Release|Any CPU
		{FBC296B3-E592-4738-B27B-EDA1C69BC356}.Release|Any CPU.Build.0 = Release|Any CPU
		{C16983A0-D312-474A-8608-4CA50C65206B}.Debug|Any CPU.ActiveCfg = Debug|Any CPU
		{C16983A0-D312-474A-8608-4CA50C65206B}.Debug|Any CPU.Build.0 = Debug|Any CPU
		{C16983A0-D312-474A-8608-4CA50C65206B}.Release|Any CPU.ActiveCfg = Release|Any CPU
		{C16983A0-D312-474A-8608-4CA50C65206B}.Release|Any CPU.Build.0 = Release|Any CPU
		{12230BB8-CADC-4A09-A39C-974243490523}.Debug|Any CPU.ActiveCfg = Debug|Any CPU
		{12230BB8-CADC-4A09-A39C-974243490523}.Debug|Any CPU.Build.0 = Debug|Any CPU
		{12230BB8-CADC-4A09-A39C-974243490523}.Release|Any CPU.ActiveCfg = Release|Any CPU
		{12230BB8-CADC-4A09-A39C-974243490523}.Release|Any CPU.Build.0 = Release|Any CPU
		{7759EE97-D24B-4019-8B34-A3B29B93E300}.Debug|Any CPU.ActiveCfg = Debug|Any CPU
		{7759EE97-D24B-4019-8B34-A3B29B93E300}.Debug|Any CPU.Build.0 = Debug|Any CPU
		{7759EE97-D24B-4019-8B34-A3B29B93E300}.Release|Any CPU.ActiveCfg = Release|Any CPU
		{7759EE97-D24B-4019-8B34-A3B29B93E300}.Release|Any CPU.Build.0 = Release|Any CPU
		{1A3B3340-BA70-4EDF-BC07-9056843F472A}.Debug|Any CPU.ActiveCfg = Debug|Any CPU
		{1A3B3340-BA70-4EDF-BC07-9056843F472A}.Debug|Any CPU.Build.0 = Debug|Any CPU
		{1A3B3340-BA70-4EDF-BC07-9056843F472A}.Release|Any CPU.ActiveCfg = Release|Any CPU
		{1A3B3340-BA70-4EDF-BC07-9056843F472A}.Release|Any CPU.Build.0 = Release|Any CPU
		{D42BA2A6-9BF6-467E-AA8A-4F134098A716}.Debug|Any CPU.ActiveCfg = Debug|Any CPU
		{D42BA2A6-9BF6-467E-AA8A-4F134098A716}.Debug|Any CPU.Build.0 = Debug|Any CPU
		{D42BA2A6-9BF6-467E-AA8A-4F134098A716}.Release|Any CPU.ActiveCfg = Release|Any CPU
		{D42BA2A6-9BF6-467E-AA8A-4F134098A716}.Release|Any CPU.Build.0 = Release|Any CPU
		{D16524E3-C8DB-4B01-9623-327864C5EE0D}.Debug|Any CPU.ActiveCfg = Debug|Any CPU
		{D16524E3-C8DB-4B01-9623-327864C5EE0D}.Debug|Any CPU.Build.0 = Debug|Any CPU
		{D16524E3-C8DB-4B01-9623-327864C5EE0D}.Release|Any CPU.ActiveCfg = Release|Any CPU
		{D16524E3-C8DB-4B01-9623-327864C5EE0D}.Release|Any CPU.Build.0 = Release|Any CPU
	EndGlobalSection
	GlobalSection(SolutionProperties) = preSolution
		HideSolutionNode = FALSE
	EndGlobalSection
EndGlobal
